// !$*UTF8*$!
{
	archiveVersion = 1;
	classes = {
	};
	objectVersion = 46;
	objects = {

/* Begin PBXBuildFile section */
		0BB6C1FE1A3B518600BB7D1F /* AppDelegate.m in Sources */ = {isa = PBXBuildFile; fileRef = 0BB6C1FD1A3B518600BB7D1F /* AppDelegate.m */; };
		0BB6C2041A3B518700BB7D1F /* Main.storyboard in Resources */ = {isa = PBXBuildFile; fileRef = 0BB6C2021A3B518700BB7D1F /* Main.storyboard */; };
		0BB6C2061A3B518700BB7D1F /* Images.xcassets in Resources */ = {isa = PBXBuildFile; fileRef = 0BB6C2051A3B518700BB7D1F /* Images.xcassets */; };
		0BB6C2091A3B518700BB7D1F /* LaunchScreen.xib in Resources */ = {isa = PBXBuildFile; fileRef = 0BB6C2071A3B518700BB7D1F /* LaunchScreen.xib */; };
		0BB6C2151A3B518700BB7D1F /* bluelist_objective_cTests.m in Sources */ = {isa = PBXBuildFile; fileRef = 0BB6C2141A3B518700BB7D1F /* bluelist_objective_cTests.m */; };
		0BB6C21F1A3B59D600BB7D1F /* bluelist.plist in Resources */ = {isa = PBXBuildFile; fileRef = 0BB6C21E1A3B59D600BB7D1F /* bluelist.plist */; };
		0BB6C2271A3B5A0900BB7D1F /* bluemix_logo.png in Resources */ = {isa = PBXBuildFile; fileRef = 0BB6C2231A3B5A0900BB7D1F /* bluemix_logo.png */; };
		0BB6C2281A3B5A0900BB7D1F /* high.png in Resources */ = {isa = PBXBuildFile; fileRef = 0BB6C2241A3B5A0900BB7D1F /* high.png */; };
		0BB6C2291A3B5A0900BB7D1F /* low.png in Resources */ = {isa = PBXBuildFile; fileRef = 0BB6C2251A3B5A0900BB7D1F /* low.png */; };
		0BB6C22A1A3B5A0900BB7D1F /* medium.png in Resources */ = {isa = PBXBuildFile; fileRef = 0BB6C2261A3B5A0900BB7D1F /* medium.png */; };
		0BB6C22F1A3B5A2900BB7D1F /* TableViewController.m in Sources */ = {isa = PBXBuildFile; fileRef = 0BB6C22C1A3B5A2900BB7D1F /* TableViewController.m */; };
		0DD9D415C303852600207B96 /* libPods.a in Frameworks */ = {isa = PBXBuildFile; fileRef = 71A19C292BCADF83B738EE11 /* libPods.a */; };
		4902AEFB1A8145F90046F4E3 /* MobileCoreServices.framework in Frameworks */ = {isa = PBXBuildFile; fileRef = 4902AEFA1A8145F90046F4E3 /* MobileCoreServices.framework */; };
		4902AEFD1A8145FF0046F4E3 /* CoreData.framework in Frameworks */ = {isa = PBXBuildFile; fileRef = 4902AEFC1A8145FF0046F4E3 /* CoreData.framework */; };
		4902AEFF1A8146050046F4E3 /* CoreLocation.framework in Frameworks */ = {isa = PBXBuildFile; fileRef = 4902AEFE1A8146050046F4E3 /* CoreLocation.framework */; };
		4902AF011A81460C0046F4E3 /* Security.framework in Frameworks */ = {isa = PBXBuildFile; fileRef = 4902AF001A81460C0046F4E3 /* Security.framework */; };
		4902AF031A8146120046F4E3 /* libz.dylib in Frameworks */ = {isa = PBXBuildFile; fileRef = 4902AF021A8146120046F4E3 /* libz.dylib */; };
		4902AF051A81461B0046F4E3 /* libc++.dylib in Frameworks */ = {isa = PBXBuildFile; fileRef = 4902AF041A81461B0046F4E3 /* libc++.dylib */; };
		4902AF071A8146240046F4E3 /* libstdc++.6.dylib in Frameworks */ = {isa = PBXBuildFile; fileRef = 4902AF061A8146240046F4E3 /* libstdc++.6.dylib */; };
		4902AF121A8157400046F4E3 /* BlueListChallengeHandler.m in Sources */ = {isa = PBXBuildFile; fileRef = 4902AF111A8157400046F4E3 /* BlueListChallengeHandler.m */; };
		491036D31AAD298600321033 /* SystemConfiguration.framework in Frameworks */ = {isa = PBXBuildFile; fileRef = 4902AEF81A8145F00046F4E3 /* SystemConfiguration.framework */; };
		491037371AAD2E5700321033 /* BlueList-Info.plist in Resources */ = {isa = PBXBuildFile; fileRef = 491037341AAD2E5700321033 /* BlueList-Info.plist */; };
		491037381AAD2E5700321033 /* InfoPlist.strings in Resources */ = {isa = PBXBuildFile; fileRef = 491037361AAD2E5700321033 /* InfoPlist.strings */; };
		493CE8131A9CE0F90059EF3D /* main.m in Sources */ = {isa = PBXBuildFile; fileRef = 493CE8121A9CE0F90059EF3D /* main.m */; };
		49F950D51AADDFF4006D1721 /* worklight.plist in Resources */ = {isa = PBXBuildFile; fileRef = 49F950D01AADDFF4006D1721 /* worklight.plist */; };
		FA2CAF771BC8324F000B18AF /* CloudantHttpInterceptor.m in Sources */ = {isa = PBXBuildFile; fileRef = FA2CAF761BC8324F000B18AF /* CloudantHttpInterceptor.m */; settings = {ASSET_TAGS = (); }; };
		FA6881E91BC70226006D7E5A /* Podfile in Resources */ = {isa = PBXBuildFile; fileRef = FA6881E81BC70226006D7E5A /* Podfile */; settings = {ASSET_TAGS = (); }; };
/* End PBXBuildFile section */

/* Begin PBXContainerItemProxy section */
		0BB6C20F1A3B518700BB7D1F /* PBXContainerItemProxy */ = {
			isa = PBXContainerItemProxy;
			containerPortal = 0BB6C1ED1A3B518600BB7D1F /* Project object */;
			proxyType = 1;
			remoteGlobalIDString = 0BB6C1F41A3B518600BB7D1F;
			remoteInfo = "bluelist-objective-c";
		};
/* End PBXContainerItemProxy section */

/* Begin PBXFileReference section */
		0BB6C1F51A3B518600BB7D1F /* bluelist-objective-c.app */ = {isa = PBXFileReference; explicitFileType = wrapper.application; includeInIndex = 0; path = "bluelist-objective-c.app"; sourceTree = BUILT_PRODUCTS_DIR; };
		0BB6C1F91A3B518600BB7D1F /* Info.plist */ = {isa = PBXFileReference; lastKnownFileType = text.plist.xml; path = Info.plist; sourceTree = "<group>"; };
		0BB6C1FC1A3B518600BB7D1F /* AppDelegate.h */ = {isa = PBXFileReference; lastKnownFileType = sourcecode.c.h; path = AppDelegate.h; sourceTree = "<group>"; };
		0BB6C1FD1A3B518600BB7D1F /* AppDelegate.m */ = {isa = PBXFileReference; lastKnownFileType = sourcecode.c.objc; path = AppDelegate.m; sourceTree = "<group>"; };
		0BB6C2031A3B518700BB7D1F /* Base */ = {isa = PBXFileReference; lastKnownFileType = file.storyboard; name = Base; path = Base.lproj/Main.storyboard; sourceTree = "<group>"; };
		0BB6C2051A3B518700BB7D1F /* Images.xcassets */ = {isa = PBXFileReference; lastKnownFileType = folder.assetcatalog; path = Images.xcassets; sourceTree = "<group>"; };
		0BB6C2081A3B518700BB7D1F /* Base */ = {isa = PBXFileReference; lastKnownFileType = file.xib; name = Base; path = Base.lproj/LaunchScreen.xib; sourceTree = "<group>"; };
		0BB6C20E1A3B518700BB7D1F /* bluelist-objective-cTests.xctest */ = {isa = PBXFileReference; explicitFileType = wrapper.cfbundle; includeInIndex = 0; path = "bluelist-objective-cTests.xctest"; sourceTree = BUILT_PRODUCTS_DIR; };
		0BB6C2131A3B518700BB7D1F /* Info.plist */ = {isa = PBXFileReference; lastKnownFileType = text.plist.xml; path = Info.plist; sourceTree = "<group>"; };
		0BB6C2141A3B518700BB7D1F /* bluelist_objective_cTests.m */ = {isa = PBXFileReference; lastKnownFileType = sourcecode.c.objc; path = bluelist_objective_cTests.m; sourceTree = "<group>"; };
		0BB6C21E1A3B59D600BB7D1F /* bluelist.plist */ = {isa = PBXFileReference; fileEncoding = 4; lastKnownFileType = text.plist.xml; name = bluelist.plist; path = "bluelist-objective-c/bluelist.plist"; sourceTree = "<group>"; };
		0BB6C2231A3B5A0900BB7D1F /* bluemix_logo.png */ = {isa = PBXFileReference; lastKnownFileType = image.png; path = bluemix_logo.png; sourceTree = "<group>"; };
		0BB6C2241A3B5A0900BB7D1F /* high.png */ = {isa = PBXFileReference; lastKnownFileType = image.png; path = high.png; sourceTree = "<group>"; };
		0BB6C2251A3B5A0900BB7D1F /* low.png */ = {isa = PBXFileReference; lastKnownFileType = image.png; path = low.png; sourceTree = "<group>"; };
		0BB6C2261A3B5A0900BB7D1F /* medium.png */ = {isa = PBXFileReference; lastKnownFileType = image.png; path = medium.png; sourceTree = "<group>"; };
		0BB6C22B1A3B5A2900BB7D1F /* TableViewController.h */ = {isa = PBXFileReference; fileEncoding = 4; lastKnownFileType = sourcecode.c.h; path = TableViewController.h; sourceTree = "<group>"; };
		0BB6C22C1A3B5A2900BB7D1F /* TableViewController.m */ = {isa = PBXFileReference; fileEncoding = 4; lastKnownFileType = sourcecode.c.objc; path = TableViewController.m; sourceTree = "<group>"; };
		4902AEF81A8145F00046F4E3 /* SystemConfiguration.framework */ = {isa = PBXFileReference; lastKnownFileType = wrapper.framework; name = SystemConfiguration.framework; path = System/Library/Frameworks/SystemConfiguration.framework; sourceTree = SDKROOT; };
		4902AEFA1A8145F90046F4E3 /* MobileCoreServices.framework */ = {isa = PBXFileReference; lastKnownFileType = wrapper.framework; name = MobileCoreServices.framework; path = System/Library/Frameworks/MobileCoreServices.framework; sourceTree = SDKROOT; };
		4902AEFC1A8145FF0046F4E3 /* CoreData.framework */ = {isa = PBXFileReference; lastKnownFileType = wrapper.framework; name = CoreData.framework; path = System/Library/Frameworks/CoreData.framework; sourceTree = SDKROOT; };
		4902AEFE1A8146050046F4E3 /* CoreLocation.framework */ = {isa = PBXFileReference; lastKnownFileType = wrapper.framework; name = CoreLocation.framework; path = System/Library/Frameworks/CoreLocation.framework; sourceTree = SDKROOT; };
		4902AF001A81460C0046F4E3 /* Security.framework */ = {isa = PBXFileReference; lastKnownFileType = wrapper.framework; name = Security.framework; path = System/Library/Frameworks/Security.framework; sourceTree = SDKROOT; };
		4902AF021A8146120046F4E3 /* libz.dylib */ = {isa = PBXFileReference; lastKnownFileType = "compiled.mach-o.dylib"; name = libz.dylib; path = usr/lib/libz.dylib; sourceTree = SDKROOT; };
		4902AF041A81461B0046F4E3 /* libc++.dylib */ = {isa = PBXFileReference; lastKnownFileType = "compiled.mach-o.dylib"; name = "libc++.dylib"; path = "usr/lib/libc++.dylib"; sourceTree = SDKROOT; };
		4902AF061A8146240046F4E3 /* libstdc++.6.dylib */ = {isa = PBXFileReference; lastKnownFileType = "compiled.mach-o.dylib"; name = "libstdc++.6.dylib"; path = "usr/lib/libstdc++.6.dylib"; sourceTree = SDKROOT; };
		4902AF101A8157300046F4E3 /* BlueListChallengeHandler.h */ = {isa = PBXFileReference; lastKnownFileType = sourcecode.c.h; path = BlueListChallengeHandler.h; sourceTree = "<group>"; };
		4902AF111A8157400046F4E3 /* BlueListChallengeHandler.m */ = {isa = PBXFileReference; fileEncoding = 4; lastKnownFileType = sourcecode.c.objc; path = BlueListChallengeHandler.m; sourceTree = "<group>"; };
		491037341AAD2E5700321033 /* BlueList-Info.plist */ = {isa = PBXFileReference; fileEncoding = 4; lastKnownFileType = text.plist.xml; path = "BlueList-Info.plist"; sourceTree = "<group>"; };
		491037351AAD2E5700321033 /* BlueList-Prefix.pch */ = {isa = PBXFileReference; fileEncoding = 4; lastKnownFileType = sourcecode.c.h; path = "BlueList-Prefix.pch"; sourceTree = "<group>"; };
		491037361AAD2E5700321033 /* InfoPlist.strings */ = {isa = PBXFileReference; fileEncoding = 4; lastKnownFileType = text.plist.strings; path = InfoPlist.strings; sourceTree = "<group>"; };
		493CE8121A9CE0F90059EF3D /* main.m */ = {isa = PBXFileReference; fileEncoding = 4; lastKnownFileType = sourcecode.c.objc; path = main.m; sourceTree = "<group>"; };
		49F950D01AADDFF4006D1721 /* worklight.plist */ = {isa = PBXFileReference; fileEncoding = 4; lastKnownFileType = text.plist.xml; path = worklight.plist; sourceTree = "<group>"; };
		71A19C292BCADF83B738EE11 /* libPods.a */ = {isa = PBXFileReference; explicitFileType = archive.ar; includeInIndex = 0; path = libPods.a; sourceTree = BUILT_PRODUCTS_DIR; };
		AC1650B7ACDECC043047F55E /* Pods.release.xcconfig */ = {isa = PBXFileReference; includeInIndex = 1; lastKnownFileType = text.xcconfig; name = Pods.release.xcconfig; path = "Pods/Target Support Files/Pods/Pods.release.xcconfig"; sourceTree = "<group>"; };
		D3F96B1F257AE10872FBECE9 /* Pods.debug.xcconfig */ = {isa = PBXFileReference; includeInIndex = 1; lastKnownFileType = text.xcconfig; name = Pods.debug.xcconfig; path = "Pods/Target Support Files/Pods/Pods.debug.xcconfig"; sourceTree = "<group>"; };
		FA2CAF751BC8324F000B18AF /* CloudantHttpInterceptor.h */ = {isa = PBXFileReference; fileEncoding = 4; lastKnownFileType = sourcecode.c.h; path = CloudantHttpInterceptor.h; sourceTree = "<group>"; };
		FA2CAF761BC8324F000B18AF /* CloudantHttpInterceptor.m */ = {isa = PBXFileReference; fileEncoding = 4; lastKnownFileType = sourcecode.c.objc; path = CloudantHttpInterceptor.m; sourceTree = "<group>"; };
		FA6881E81BC70226006D7E5A /* Podfile */ = {isa = PBXFileReference; fileEncoding = 4; lastKnownFileType = text; path = Podfile; sourceTree = "<group>"; xcLanguageSpecificationIdentifier = xcode.lang.ruby; };
/* End PBXFileReference section */

/* Begin PBXFrameworksBuildPhase section */
		0BB6C1F21A3B518600BB7D1F /* Frameworks */ = {
			isa = PBXFrameworksBuildPhase;
			buildActionMask = 2147483647;
			files = (
				491036D31AAD298600321033 /* SystemConfiguration.framework in Frameworks */,
				4902AF071A8146240046F4E3 /* libstdc++.6.dylib in Frameworks */,
				4902AF051A81461B0046F4E3 /* libc++.dylib in Frameworks */,
				4902AF031A8146120046F4E3 /* libz.dylib in Frameworks */,
				4902AF011A81460C0046F4E3 /* Security.framework in Frameworks */,
				4902AEFF1A8146050046F4E3 /* CoreLocation.framework in Frameworks */,
				4902AEFD1A8145FF0046F4E3 /* CoreData.framework in Frameworks */,
				4902AEFB1A8145F90046F4E3 /* MobileCoreServices.framework in Frameworks */,
				0DD9D415C303852600207B96 /* libPods.a in Frameworks */,
			);
			runOnlyForDeploymentPostprocessing = 0;
		};
		0BB6C20B1A3B518700BB7D1F /* Frameworks */ = {
			isa = PBXFrameworksBuildPhase;
			buildActionMask = 2147483647;
			files = (
			);
			runOnlyForDeploymentPostprocessing = 0;
		};
/* End PBXFrameworksBuildPhase section */

/* Begin PBXGroup section */
		0BB6C1EC1A3B518600BB7D1F = {
			isa = PBXGroup;
			children = (
				FA6881E81BC70226006D7E5A /* Podfile */,
				49F950D01AADDFF4006D1721 /* worklight.plist */,
				0BB6C21E1A3B59D600BB7D1F /* bluelist.plist */,
				0BB6C1F71A3B518600BB7D1F /* bluelist-objective-c */,
				0BB6C2111A3B518700BB7D1F /* bluelist-objective-cTests */,
				0BB6C1F61A3B518600BB7D1F /* Products */,
				9C1FC2E5906B1A27BF393455 /* Frameworks */,
				9F5F0ABFA7B58722DD03D2EE /* Pods */,
			);
			sourceTree = "<group>";
		};
		0BB6C1F61A3B518600BB7D1F /* Products */ = {
			isa = PBXGroup;
			children = (
				0BB6C1F51A3B518600BB7D1F /* bluelist-objective-c.app */,
				0BB6C20E1A3B518700BB7D1F /* bluelist-objective-cTests.xctest */,
			);
			name = Products;
			sourceTree = "<group>";
		};
		0BB6C1F71A3B518600BB7D1F /* bluelist-objective-c */ = {
			isa = PBXGroup;
			children = (
				0BB6C2311A3B5BBF00BB7D1F /* authentication */,
				0BB6C2331A3B5BD800BB7D1F /* controller */,
				FA2CAF741BC83225000B18AF /* http */,
				0BB6C2341A3B5BF400BB7D1F /* images */,
				0BB6C1FC1A3B518600BB7D1F /* AppDelegate.h */,
				0BB6C1FD1A3B518600BB7D1F /* AppDelegate.m */,
				0BB6C2021A3B518700BB7D1F /* Main.storyboard */,
				0BB6C2051A3B518700BB7D1F /* Images.xcassets */,
				0BB6C2071A3B518700BB7D1F /* LaunchScreen.xib */,
				0BB6C1F81A3B518600BB7D1F /* Supporting Files */,
			);
			path = "bluelist-objective-c";
			sourceTree = "<group>";
		};
		0BB6C1F81A3B518600BB7D1F /* Supporting Files */ = {
			isa = PBXGroup;
			children = (
				491037341AAD2E5700321033 /* BlueList-Info.plist */,
				491037351AAD2E5700321033 /* BlueList-Prefix.pch */,
				491037361AAD2E5700321033 /* InfoPlist.strings */,
				493CE8121A9CE0F90059EF3D /* main.m */,
				0BB6C1F91A3B518600BB7D1F /* Info.plist */,
			);
			name = "Supporting Files";
			sourceTree = "<group>";
		};
		0BB6C2111A3B518700BB7D1F /* bluelist-objective-cTests */ = {
			isa = PBXGroup;
			children = (
				0BB6C2141A3B518700BB7D1F /* bluelist_objective_cTests.m */,
				0BB6C2121A3B518700BB7D1F /* Supporting Files */,
			);
			path = "bluelist-objective-cTests";
			sourceTree = "<group>";
		};
		0BB6C2121A3B518700BB7D1F /* Supporting Files */ = {
			isa = PBXGroup;
			children = (
				0BB6C2131A3B518700BB7D1F /* Info.plist */,
			);
			name = "Supporting Files";
			sourceTree = "<group>";
		};
		0BB6C2311A3B5BBF00BB7D1F /* authentication */ = {
			isa = PBXGroup;
			children = (
				4902AF101A8157300046F4E3 /* BlueListChallengeHandler.h */,
				4902AF111A8157400046F4E3 /* BlueListChallengeHandler.m */,
			);
			name = authentication;
			sourceTree = "<group>";
		};
		0BB6C2331A3B5BD800BB7D1F /* controller */ = {
			isa = PBXGroup;
			children = (
				0BB6C22B1A3B5A2900BB7D1F /* TableViewController.h */,
				0BB6C22C1A3B5A2900BB7D1F /* TableViewController.m */,
			);
			name = controller;
			sourceTree = "<group>";
		};
		0BB6C2341A3B5BF400BB7D1F /* images */ = {
			isa = PBXGroup;
			children = (
				0BB6C2231A3B5A0900BB7D1F /* bluemix_logo.png */,
				0BB6C2241A3B5A0900BB7D1F /* high.png */,
				0BB6C2251A3B5A0900BB7D1F /* low.png */,
				0BB6C2261A3B5A0900BB7D1F /* medium.png */,
			);
			name = images;
			sourceTree = "<group>";
		};
		9C1FC2E5906B1A27BF393455 /* Frameworks */ = {
			isa = PBXGroup;
			children = (
				4902AF061A8146240046F4E3 /* libstdc++.6.dylib */,
				4902AF041A81461B0046F4E3 /* libc++.dylib */,
				4902AF021A8146120046F4E3 /* libz.dylib */,
				4902AF001A81460C0046F4E3 /* Security.framework */,
				4902AEFE1A8146050046F4E3 /* CoreLocation.framework */,
				4902AEFC1A8145FF0046F4E3 /* CoreData.framework */,
				4902AEFA1A8145F90046F4E3 /* MobileCoreServices.framework */,
				4902AEF81A8145F00046F4E3 /* SystemConfiguration.framework */,
				71A19C292BCADF83B738EE11 /* libPods.a */,
			);
			name = Frameworks;
			sourceTree = "<group>";
		};
		9F5F0ABFA7B58722DD03D2EE /* Pods */ = {
			isa = PBXGroup;
			children = (
				D3F96B1F257AE10872FBECE9 /* Pods.debug.xcconfig */,
				AC1650B7ACDECC043047F55E /* Pods.release.xcconfig */,
			);
			name = Pods;
			sourceTree = "<group>";
		};
		FA2CAF741BC83225000B18AF /* http */ = {
			isa = PBXGroup;
			children = (
				FA2CAF751BC8324F000B18AF /* CloudantHttpInterceptor.h */,
				FA2CAF761BC8324F000B18AF /* CloudantHttpInterceptor.m */,
			);
			name = http;
			sourceTree = "<group>";
		};
/* End PBXGroup section */

/* Begin PBXNativeTarget section */
		0BB6C1F41A3B518600BB7D1F /* bluelist-objective-c */ = {
			isa = PBXNativeTarget;
			buildConfigurationList = 0BB6C2181A3B518700BB7D1F /* Build configuration list for PBXNativeTarget "bluelist-objective-c" */;
			buildPhases = (
				D56F7C247984A6AC92F0F2A5 /* Check Pods Manifest.lock */,
				0BB6C1F11A3B518600BB7D1F /* Sources */,
				0BB6C1F21A3B518600BB7D1F /* Frameworks */,
				0BB6C1F31A3B518600BB7D1F /* Resources */,
				32CA7ADC5782E8C2C90A4706 /* Copy Pods Resources */,
				53402DE3B899F5A02E698857 /* Embed Pods Frameworks */,
			);
			buildRules = (
			);
			dependencies = (
			);
			name = "bluelist-objective-c";
			productName = "bluelist-objective-c";
			productReference = 0BB6C1F51A3B518600BB7D1F /* bluelist-objective-c.app */;
			productType = "com.apple.product-type.application";
		};
		0BB6C20D1A3B518700BB7D1F /* bluelist-objective-cTests */ = {
			isa = PBXNativeTarget;
			buildConfigurationList = 0BB6C21B1A3B518700BB7D1F /* Build configuration list for PBXNativeTarget "bluelist-objective-cTests" */;
			buildPhases = (
				0BB6C20A1A3B518700BB7D1F /* Sources */,
				0BB6C20B1A3B518700BB7D1F /* Frameworks */,
				0BB6C20C1A3B518700BB7D1F /* Resources */,
			);
			buildRules = (
			);
			dependencies = (
				0BB6C2101A3B518700BB7D1F /* PBXTargetDependency */,
			);
			name = "bluelist-objective-cTests";
			productName = "bluelist-objective-cTests";
			productReference = 0BB6C20E1A3B518700BB7D1F /* bluelist-objective-cTests.xctest */;
			productType = "com.apple.product-type.bundle.unit-test";
		};
/* End PBXNativeTarget section */

/* Begin PBXProject section */
		0BB6C1ED1A3B518600BB7D1F /* Project object */ = {
			isa = PBXProject;
			attributes = {
				LastUpgradeCheck = 0610;
				ORGANIZATIONNAME = IBM;
				TargetAttributes = {
					0BB6C1F41A3B518600BB7D1F = {
						CreatedOnToolsVersion = 6.1.1;
						DevelopmentTeam = PP64RT7P8Z;
						SystemCapabilities = {
							com.apple.BackgroundModes = {
								enabled = 1;
							};
						};
					};
					0BB6C20D1A3B518700BB7D1F = {
						CreatedOnToolsVersion = 6.1.1;
						TestTargetID = 0BB6C1F41A3B518600BB7D1F;
					};
				};
			};
			buildConfigurationList = 0BB6C1F01A3B518600BB7D1F /* Build configuration list for PBXProject "bluelist-objective-c" */;
			compatibilityVersion = "Xcode 3.2";
			developmentRegion = English;
			hasScannedForEncodings = 0;
			knownRegions = (
				en,
				Base,
			);
			mainGroup = 0BB6C1EC1A3B518600BB7D1F;
			productRefGroup = 0BB6C1F61A3B518600BB7D1F /* Products */;
			projectDirPath = "";
			projectRoot = "";
			targets = (
				0BB6C1F41A3B518600BB7D1F /* bluelist-objective-c */,
				0BB6C20D1A3B518700BB7D1F /* bluelist-objective-cTests */,
			);
		};
/* End PBXProject section */

/* Begin PBXResourcesBuildPhase section */
		0BB6C1F31A3B518600BB7D1F /* Resources */ = {
			isa = PBXResourcesBuildPhase;
			buildActionMask = 2147483647;
			files = (
				0BB6C21F1A3B59D600BB7D1F /* bluelist.plist in Resources */,
				491037381AAD2E5700321033 /* InfoPlist.strings in Resources */,
				0BB6C2291A3B5A0900BB7D1F /* low.png in Resources */,
				0BB6C2041A3B518700BB7D1F /* Main.storyboard in Resources */,
				0BB6C2091A3B518700BB7D1F /* LaunchScreen.xib in Resources */,
				49F950D51AADDFF4006D1721 /* worklight.plist in Resources */,
				FA6881E91BC70226006D7E5A /* Podfile in Resources */,
				491037371AAD2E5700321033 /* BlueList-Info.plist in Resources */,
				0BB6C2271A3B5A0900BB7D1F /* bluemix_logo.png in Resources */,
				0BB6C2061A3B518700BB7D1F /* Images.xcassets in Resources */,
				0BB6C22A1A3B5A0900BB7D1F /* medium.png in Resources */,
				0BB6C2281A3B5A0900BB7D1F /* high.png in Resources */,
			);
			runOnlyForDeploymentPostprocessing = 0;
		};
		0BB6C20C1A3B518700BB7D1F /* Resources */ = {
			isa = PBXResourcesBuildPhase;
			buildActionMask = 2147483647;
			files = (
			);
			runOnlyForDeploymentPostprocessing = 0;
		};
/* End PBXResourcesBuildPhase section */

/* Begin PBXShellScriptBuildPhase section */
		32CA7ADC5782E8C2C90A4706 /* Copy Pods Resources */ = {
			isa = PBXShellScriptBuildPhase;
			buildActionMask = 2147483647;
			files = (
			);
			inputPaths = (
			);
			name = "Copy Pods Resources";
			outputPaths = (
			);
			runOnlyForDeploymentPostprocessing = 0;
			shellPath = /bin/sh;
			shellScript = "\"${SRCROOT}/Pods/Target Support Files/Pods/Pods-resources.sh\"\n";
			showEnvVarsInLog = 0;
		};
		53402DE3B899F5A02E698857 /* Embed Pods Frameworks */ = {
			isa = PBXShellScriptBuildPhase;
			buildActionMask = 2147483647;
			files = (
			);
			inputPaths = (
			);
			name = "Embed Pods Frameworks";
			outputPaths = (
			);
			runOnlyForDeploymentPostprocessing = 0;
			shellPath = /bin/sh;
			shellScript = "\"${SRCROOT}/Pods/Target Support Files/Pods/Pods-frameworks.sh\"\n";
			showEnvVarsInLog = 0;
		};
		D56F7C247984A6AC92F0F2A5 /* Check Pods Manifest.lock */ = {
			isa = PBXShellScriptBuildPhase;
			buildActionMask = 2147483647;
			files = (
			);
			inputPaths = (
			);
			name = "Check Pods Manifest.lock";
			outputPaths = (
			);
			runOnlyForDeploymentPostprocessing = 0;
			shellPath = /bin/sh;
			shellScript = "diff \"${PODS_ROOT}/../Podfile.lock\" \"${PODS_ROOT}/Manifest.lock\" > /dev/null\nif [[ $? != 0 ]] ; then\n    cat << EOM\nerror: The sandbox is not in sync with the Podfile.lock. Run 'pod install' or update your CocoaPods installation.\nEOM\n    exit 1\nfi\n";
			showEnvVarsInLog = 0;
		};
/* End PBXShellScriptBuildPhase section */

/* Begin PBXSourcesBuildPhase section */
		0BB6C1F11A3B518600BB7D1F /* Sources */ = {
			isa = PBXSourcesBuildPhase;
			buildActionMask = 2147483647;
			files = (
				0BB6C1FE1A3B518600BB7D1F /* AppDelegate.m in Sources */,
				4902AF121A8157400046F4E3 /* BlueListChallengeHandler.m in Sources */,
				0BB6C22F1A3B5A2900BB7D1F /* TableViewController.m in Sources */,
				FA2CAF771BC8324F000B18AF /* CloudantHttpInterceptor.m in Sources */,
				493CE8131A9CE0F90059EF3D /* main.m in Sources */,
			);
			runOnlyForDeploymentPostprocessing = 0;
		};
		0BB6C20A1A3B518700BB7D1F /* Sources */ = {
			isa = PBXSourcesBuildPhase;
			buildActionMask = 2147483647;
			files = (
				0BB6C2151A3B518700BB7D1F /* bluelist_objective_cTests.m in Sources */,
			);
			runOnlyForDeploymentPostprocessing = 0;
		};
/* End PBXSourcesBuildPhase section */

/* Begin PBXTargetDependency section */
		0BB6C2101A3B518700BB7D1F /* PBXTargetDependency */ = {
			isa = PBXTargetDependency;
			target = 0BB6C1F41A3B518600BB7D1F /* bluelist-objective-c */;
			targetProxy = 0BB6C20F1A3B518700BB7D1F /* PBXContainerItemProxy */;
		};
/* End PBXTargetDependency section */

/* Begin PBXVariantGroup section */
		0BB6C2021A3B518700BB7D1F /* Main.storyboard */ = {
			isa = PBXVariantGroup;
			children = (
				0BB6C2031A3B518700BB7D1F /* Base */,
			);
			name = Main.storyboard;
			sourceTree = "<group>";
		};
		0BB6C2071A3B518700BB7D1F /* LaunchScreen.xib */ = {
			isa = PBXVariantGroup;
			children = (
				0BB6C2081A3B518700BB7D1F /* Base */,
			);
			name = LaunchScreen.xib;
			sourceTree = "<group>";
		};
/* End PBXVariantGroup section */

/* Begin XCBuildConfiguration section */
		0BB6C2161A3B518700BB7D1F /* Debug */ = {
			isa = XCBuildConfiguration;
			buildSettings = {
				ALWAYS_SEARCH_USER_PATHS = NO;
				CLANG_CXX_LANGUAGE_STANDARD = "gnu++0x";
				CLANG_CXX_LIBRARY = "libc++";
				CLANG_ENABLE_MODULES = YES;
				CLANG_ENABLE_OBJC_ARC = YES;
				CLANG_WARN_BOOL_CONVERSION = YES;
				CLANG_WARN_CONSTANT_CONVERSION = YES;
				CLANG_WARN_DIRECT_OBJC_ISA_USAGE = YES_ERROR;
				CLANG_WARN_EMPTY_BODY = YES;
				CLANG_WARN_ENUM_CONVERSION = YES;
				CLANG_WARN_INT_CONVERSION = YES;
				CLANG_WARN_OBJC_ROOT_CLASS = YES_ERROR;
				CLANG_WARN_UNREACHABLE_CODE = YES;
				CLANG_WARN__DUPLICATE_METHOD_MATCH = YES;
				"CODE_SIGN_IDENTITY[sdk=iphoneos*]" = "iPhone Developer";
				COPY_PHASE_STRIP = NO;
				ENABLE_STRICT_OBJC_MSGSEND = YES;
				GCC_C_LANGUAGE_STANDARD = gnu99;
				GCC_DYNAMIC_NO_PIC = NO;
				GCC_OPTIMIZATION_LEVEL = 0;
				GCC_PREPROCESSOR_DEFINITIONS = (
					"DEBUG=1",
					"$(inherited)",
				);
				GCC_SYMBOLS_PRIVATE_EXTERN = NO;
				GCC_WARN_64_TO_32_BIT_CONVERSION = YES;
				GCC_WARN_ABOUT_RETURN_TYPE = YES_ERROR;
				GCC_WARN_UNDECLARED_SELECTOR = YES;
				GCC_WARN_UNINITIALIZED_AUTOS = YES_AGGRESSIVE;
				GCC_WARN_UNUSED_FUNCTION = YES;
				GCC_WARN_UNUSED_VARIABLE = YES;
				IPHONEOS_DEPLOYMENT_TARGET = 8.1;
				MTL_ENABLE_DEBUG_INFO = YES;
				ONLY_ACTIVE_ARCH = YES;
				SDKROOT = iphoneos;
				TARGETED_DEVICE_FAMILY = "1,2";
			};
			name = Debug;
		};
		0BB6C2171A3B518700BB7D1F /* Release */ = {
			isa = XCBuildConfiguration;
			buildSettings = {
				ALWAYS_SEARCH_USER_PATHS = NO;
				CLANG_CXX_LANGUAGE_STANDARD = "gnu++0x";
				CLANG_CXX_LIBRARY = "libc++";
				CLANG_ENABLE_MODULES = YES;
				CLANG_ENABLE_OBJC_ARC = YES;
				CLANG_WARN_BOOL_CONVERSION = YES;
				CLANG_WARN_CONSTANT_CONVERSION = YES;
				CLANG_WARN_DIRECT_OBJC_ISA_USAGE = YES_ERROR;
				CLANG_WARN_EMPTY_BODY = YES;
				CLANG_WARN_ENUM_CONVERSION = YES;
				CLANG_WARN_INT_CONVERSION = YES;
				CLANG_WARN_OBJC_ROOT_CLASS = YES_ERROR;
				CLANG_WARN_UNREACHABLE_CODE = YES;
				CLANG_WARN__DUPLICATE_METHOD_MATCH = YES;
				"CODE_SIGN_IDENTITY[sdk=iphoneos*]" = "iPhone Developer";
				COPY_PHASE_STRIP = YES;
				ENABLE_NS_ASSERTIONS = NO;
				ENABLE_STRICT_OBJC_MSGSEND = YES;
				GCC_C_LANGUAGE_STANDARD = gnu99;
				GCC_WARN_64_TO_32_BIT_CONVERSION = YES;
				GCC_WARN_ABOUT_RETURN_TYPE = YES_ERROR;
				GCC_WARN_UNDECLARED_SELECTOR = YES;
				GCC_WARN_UNINITIALIZED_AUTOS = YES_AGGRESSIVE;
				GCC_WARN_UNUSED_FUNCTION = YES;
				GCC_WARN_UNUSED_VARIABLE = YES;
				IPHONEOS_DEPLOYMENT_TARGET = 8.1;
				MTL_ENABLE_DEBUG_INFO = NO;
				SDKROOT = iphoneos;
				TARGETED_DEVICE_FAMILY = "1,2";
				VALIDATE_PRODUCT = YES;
			};
			name = Release;
		};
		0BB6C2191A3B518700BB7D1F /* Debug */ = {
			isa = XCBuildConfiguration;
			baseConfigurationReference = D3F96B1F257AE10872FBECE9 /* Pods.debug.xcconfig */;
			buildSettings = {
				ASSETCATALOG_COMPILER_APPICON_NAME = AppIcon;
				CODE_SIGN_IDENTITY = "iPhone Developer";
				FRAMEWORK_SEARCH_PATHS = (
					"$(inherited)",
					"$(PROJECT_DIR)/WorklightAPI/Frameworks",
					"$(PROJECT_DIR)",
					"/Users/Algebra/Documents/Bluelist_2:3",
					"/Users/Algebra/Documents/Bluelist_2:3/imf-bluelist/bluelist-objective-c/Pods/IMFPush/frameworks",
				);
				GCC_PREFIX_HEADER = "bluelist-objective-c/BlueList-Prefix.pch";
				HEADER_SEARCH_PATHS = (
					"$(inherited)",
					"$(SRCROOT)/WorklightAPI/include",
				);
				INFOPLIST_FILE = "bluelist-objective-c/Info.plist";
				IPHONEOS_DEPLOYMENT_TARGET = 8.0;
				LD_RUNPATH_SEARCH_PATHS = "$(inherited) @executable_path/Frameworks";
				LIBRARY_SEARCH_PATHS = (
					"$(inherited)",
					"$(PROJECT_DIR)/WorklightAPI",
					"$(PROJECT_DIR)",
				);
				OTHER_LDFLAGS = "$(inherited)";
				PRODUCT_NAME = "$(TARGET_NAME)";
				VALID_ARCHS = "armv7 armv7s arm64";
			};
			name = Debug;
		};
		0BB6C21A1A3B518700BB7D1F /* Release */ = {
			isa = XCBuildConfiguration;
			baseConfigurationReference = AC1650B7ACDECC043047F55E /* Pods.release.xcconfig */;
			buildSettings = {
				ASSETCATALOG_COMPILER_APPICON_NAME = AppIcon;
				CODE_SIGN_IDENTITY = "iPhone Developer";
				FRAMEWORK_SEARCH_PATHS = (
					"$(inherited)",
					"$(PROJECT_DIR)/WorklightAPI/Frameworks",
					"$(PROJECT_DIR)",
					"/Users/Algebra/Documents/Bluelist_2:3",
					"/Users/Algebra/Documents/Bluelist_2:3/imf-bluelist/bluelist-objective-c/Pods/IMFPush/frameworks",
				);
				GCC_PREFIX_HEADER = "bluelist-objective-c/BlueList-Prefix.pch";
				HEADER_SEARCH_PATHS = (
					"$(inherited)",
					"$(SRCROOT)/WorklightAPI/include",
				);
				INFOPLIST_FILE = "bluelist-objective-c/Info.plist";
				IPHONEOS_DEPLOYMENT_TARGET = 8.0;
				LD_RUNPATH_SEARCH_PATHS = "$(inherited) @executable_path/Frameworks";
				LIBRARY_SEARCH_PATHS = (
					"$(inherited)",
					"$(PROJECT_DIR)/WorklightAPI",
					"$(PROJECT_DIR)",
				);
				OTHER_LDFLAGS = "$(inherited)";
				PRODUCT_NAME = "$(TARGET_NAME)";
				VALID_ARCHS = "armv7 armv7s arm64";
			};
			name = Release;
		};
		0BB6C21C1A3B518700BB7D1F /* Debug */ = {
			isa = XCBuildConfiguration;
			buildSettings = {
				BUNDLE_LOADER = "$(TEST_HOST)";
				FRAMEWORK_SEARCH_PATHS = (
					"$(SDKROOT)/Developer/Library/Frameworks",
					"$(inherited)",
				);
				GCC_PREPROCESSOR_DEFINITIONS = (
					"DEBUG=1",
					"$(inherited)",
				);
				INFOPLIST_FILE = "bluelist-objective-cTests/Info.plist";
				LD_RUNPATH_SEARCH_PATHS = "$(inherited) @executable_path/Frameworks @loader_path/Frameworks";
				PRODUCT_NAME = "$(TARGET_NAME)";
				TEST_HOST = "$(BUILT_PRODUCTS_DIR)/bluelist-objective-c.app/bluelist-objective-c";
			};
			name = Debug;
		};
		0BB6C21D1A3B518700BB7D1F /* Release */ = {
			isa = XCBuildConfiguration;
			buildSettings = {
				BUNDLE_LOADER = "$(TEST_HOST)";
				FRAMEWORK_SEARCH_PATHS = (
					"$(SDKROOT)/Developer/Library/Frameworks",
					"$(inherited)",
				);
				INFOPLIST_FILE = "bluelist-objective-cTests/Info.plist";
				LD_RUNPATH_SEARCH_PATHS = "$(inherited) @executable_path/Frameworks @loader_path/Frameworks";
				PRODUCT_NAME = "$(TARGET_NAME)";
				TEST_HOST = "$(BUILT_PRODUCTS_DIR)/bluelist-objective-c.app/bluelist-objective-c";
			};
			name = Release;
		};
/* End XCBuildConfiguration section */

/* Begin XCConfigurationList section */
		0BB6C1F01A3B518600BB7D1F /* Build configuration list for PBXProject "bluelist-objective-c" */ = {
			isa = XCConfigurationList;
			buildConfigurations = (
				0BB6C2161A3B518700BB7D1F /* Debug */,
				0BB6C2171A3B518700BB7D1F /* Release */,
			);
			defaultConfigurationIsVisible = 0;
			defaultConfigurationName = Release;
		};
		0BB6C2181A3B518700BB7D1F /* Build configuration list for PBXNativeTarget "bluelist-objective-c" */ = {
			isa = XCConfigurationList;
			buildConfigurations = (
				0BB6C2191A3B518700BB7D1F /* Debug */,
				0BB6C21A1A3B518700BB7D1F /* Release */,
			);
			defaultConfigurationIsVisible = 0;
			defaultConfigurationName = Release;
		};
		0BB6C21B1A3B518700BB7D1F /* Build configuration list for PBXNativeTarget "bluelist-objective-cTests" */ = {
			isa = XCConfigurationList;
			buildConfigurations = (
				0BB6C21C1A3B518700BB7D1F /* Debug */,
				0BB6C21D1A3B518700BB7D1F /* Release */,
			);
			defaultConfigurationIsVisible = 0;
			defaultConfigurationName = Release;
		};
/* End XCConfigurationList section */
	};
	rootObject = 0BB6C1ED1A3B518600BB7D1F /* Project object */;
}
